
Microsoft Visual Studio Solution File, Format Version 12.00
# Visual Studio Version 17
VisualStudioVersion = 17.4.33015.44
MinimumVisualStudioVersion = 10.0.40219.1
Project("{9A19103F-16F7-4668-BE54-9A1E7A4F7556}") = "Necklace.UI", "Necklace.UI.csproj", "{9FE2D10C-8546-46E9-A8DC-68FFDD48AA68}"
EndProject
Global
	GlobalSection(SolutionConfigurationPlatforms) = preSolution
		Debug|Any CPU = Debug|Any CPU
		Release|Any CPU = Release|Any CPU
	EndGlobalSection
	GlobalSection(ProjectConfigurationPlatforms) = postSolution
		{9FE2D10C-8546-46E9-A8DC-68FFDD48AA68}.Debug|Any CPU.ActiveCfg = Debug|Any CPU
		{9FE2D10C-8546-46E9-A8DC-68FFDD48AA68}.Debug|Any CPU.Build.0 = Debug|Any CPU
		{9FE2D10C-8546-46E9-A8DC-68FFDD48AA68}.Release|Any CPU.ActiveCfg = Release|Any CPU
		{9FE2D10C-8546-46E9-A8DC-68FFDD48AA68}.Release|Any CPU.Build.0 = Release|Any CPU
	EndGlobalSection
	GlobalSection(SolutionProperties) = preSolution
		HideSolutionNode = FALSE
	EndGlobalSection
	GlobalSection(ExtensibilityGlobals) = postSolution
		SolutionGuid = {0DAB7328-A2A6-4AA6-954E-2FAFD254EAD4}
	EndGlobalSection
EndGlobal
